Microsoft Visual Studio Solution File, Format Version 12.00
# Visual Studio 2012
Project("{FAE04EC0-301F-11D3-BF4B-00C04F79EFBC}") = "House of Deceptions", "House of Deceptions.csproj", "{4EF3D951-AD8E-4C84-9812-9D8147A9D74D}"
EndProject
Global
	GlobalSection(SolutionConfigurationPlatforms) = preSolution
	Debug|Any CPU = Debug|Any CPU
	ExportDebug|Any CPU = ExportDebug|Any CPU
	ExportRelease|Any CPU = ExportRelease|Any CPU
	EndGlobalSection
	GlobalSection(ProjectConfigurationPlatforms) = postSolution
		{4EF3D951-AD8E-4C84-9812-9D8147A9D74D}.Debug|Any CPU.ActiveCfg = Debug|Any CPU
		{4EF3D951-AD8E-4C84-9812-9D8147A9D74D}.Debug|Any CPU.Build.0 = Debug|Any CPU
		{4EF3D951-AD8E-4C84-9812-9D8147A9D74D}.ExportDebug|Any CPU.ActiveCfg = ExportDebug|Any CPU
		{4EF3D951-AD8E-4C84-9812-9D8147A9D74D}.ExportDebug|Any CPU.Build.0 = ExportDebug|Any CPU
		{4EF3D951-AD8E-4C84-9812-9D8147A9D74D}.ExportRelease|Any CPU.ActiveCfg = ExportRelease|Any CPU
		{4EF3D951-AD8E-4C84-9812-9D8147A9D74D}.ExportRelease|Any CPU.Build.0 = ExportRelease|Any CPU
	EndGlobalSection
EndGlobal
